
Microsoft Visual Studio Solution File, Format Version 12.00
# Visual Studio Version 17
VisualStudioVersion = 17.6.33829.357
MinimumVisualStudioVersion = 10.0.40219.1
Project("{FAE04EC0-301F-11D3-BF4B-00C04F79EFBC}") = "MemberManagementAPI", "MemberManagementAPI\MemberManagementAPI.csproj", "{F7604264-869F-46E6-B12B-A1FAA96861EE}"
EndProject
Global
	GlobalSection(SolutionConfigurationPlatforms) = preSolution
		Debug|Any CPU = Debug|Any CPU
		Release|Any CPU = Release|Any CPU
	EndGlobalSection
	GlobalSection(ProjectConfigurationPlatforms) = postSolution
		{F7604264-869F-46E6-B12B-A1FAA96861EE}.Debug|Any CPU.ActiveCfg = Debug|Any CPU
		{F7604264-869F-46E6-B12B-A1FAA96861EE}.Debug|Any CPU.Build.0 = Debug|Any CPU
		{F7604264-869F-46E6-B12B-A1FAA96861EE}.Release|Any CPU.ActiveCfg = Release|Any CPU
		{F7604264-869F-46E6-B12B-A1FAA96861EE}.Release|Any CPU.Build.0 = Release|Any CPU
	EndGlobalSection
	GlobalSection(SolutionProperties) = preSolution
		HideSolutionNode = FALSE
	EndGlobalSection
	GlobalSection(ExtensibilityGlobals) = postSolution
		SolutionGuid = {F9E00036-969A-411C-B23D-CF3B670793E1}
	EndGlobalSection
EndGlobal
